{
  "originHash" : "e1b9265a02530ddd50188705f65539f9c971ca2cbe8054a1d23f74811b29c7a0",
  "pins" : [
    {
      "identity" : "maccontrolcenterui",
      "kind" : "remoteSourceControl",
      "location" : "https://github.com/orchetect/MacControlCenterUI",
      "state" : {
        "revision" : "ee2003b6508de0997cbe6ebb238801f297a450ab",
        "version" : "2.4.1"
      }
    },
    {
      "identity" : "madrid",
      "kind" : "remoteSourceControl",
      "location" : "https://github.com/loopwork-ai/madrid",
      "state" : {
        "revision" : "9d9fdb20424483fb592e5a026d9d0816cd5c43eb",
        "version" : "0.1.0"
      }
    },
    {
      "identity" : "mcp-swift-sdk",
      "kind" : "remoteSourceControl",
      "location" : "https://github.com/loopwork-ai/mcp-swift-sdk",
      "state" : {
        "revision" : "cfcead8121de466624a1357e02894616b0057805",
        "version" : "0.7.1"
      }
    },
    {
      "identity" : "menubarextraaccess",
      "kind" : "remoteSourceControl",
      "location" : "https://github.com/orchetect/MenuBarExtraAccess",
      "state" : {
        "revision" : "e911e6454f8cbfe34a52136fc48e1ceb989a60e7",
        "version" : "1.2.1"
      }
    },
    {
      "identity" : "ontology",
      "kind" : "remoteSourceControl",
      "location" : "https://github.com/loopwork-ai/Ontology",
      "state" : {
        "revision" : "2cbb952ac1a0b1dc465b05c1a480a922ab767849",
        "version" : "0.6.0"
      }
    },
    {
      "identity" : "swift-async-algorithms",
      "kind" : "remoteSourceControl",
      "location" : "https://github.com/apple/swift-async-algorithms.git",
      "state" : {
        "revision" : "4c3ea81f81f0a25d0470188459c6d4bf20cf2f97",
        "version" : "1.0.3"
      }
    },
    {
      "identity" : "swift-collections",
      "kind" : "remoteSourceControl",
      "location" : "https://github.com/apple/swift-collections.git",
      "state" : {
        "revision" : "671108c96644956dddcd89dd59c203dcdb36cec7",
        "version" : "1.1.4"
      }
    },
    {
      "identity" : "swift-log",
      "kind" : "remoteSourceControl",
      "location" : "https://github.com/apple/swift-log.git",
      "state" : {
        "revision" : "96a2f8a0fa41e9e09af4585e2724c4e825410b91",
        "version" : "1.6.2"
      }
    },
    {
      "identity" : "swift-service-lifecycle",
      "kind" : "remoteSourceControl",
      "location" : "https://github.com/swift-server/swift-service-lifecycle",
      "state" : {
        "revision" : "7ee57f99fbe0073c3700997186721e74d925b59b",
        "version" : "2.7.0"
      }
    },
    {
      "identity" : "swift-system",
      "kind" : "remoteSourceControl",
      "location" : "https://github.com/apple/swift-system.git",
      "state" : {
        "revision" : "c8a44d836fe7913603e246acab7c528c2e780168",
        "version" : "1.4.0"
      }
    }
  ],
  "version" : 3
}
